
Microsoft Visual Studio Solution File, Format Version 12.00
# Visual Studio 15
VisualStudioVersion = 15.0.28010.2003
MinimumVisualStudioVersion = 10.0.40219.1
Project("{FAE04EC0-301F-11D3-BF4B-00C04F79EFBC}") = "osu-username-finder", "osu-username-finder\osu-username-finder.csproj", "{B01568AD-3A94-49CD-9195-95CD71539610}"
EndProject
Project("{2150E333-8FDC-42A3-9474-1A3956D46DE8}") = "Resources", "Resources", "{B4E2DC64-48C3-4DC9-9BF7-F615F045ECD5}"
	ProjectSection(SolutionItems) = preProject
		..\username-finder\username-finder\Resources\apikey.txt = ..\username-finder\username-finder\Resources\apikey.txt
		osu-username-finder\Resources\threeLetterWords.txt = osu-username-finder\Resources\threeLetterWords.txt
		osu-username-finder\Resources\words.txt = osu-username-finder\Resources\words.txt
	EndProjectSection
EndProject
Global
	GlobalSection(SolutionConfigurationPlatforms) = preSolution
		Debug|Any CPU = Debug|Any CPU
		Release|Any CPU = Release|Any CPU
	EndGlobalSection
	GlobalSection(ProjectConfigurationPlatforms) = postSolution
		{B01568AD-3A94-49CD-9195-95CD71539610}.Debug|Any CPU.ActiveCfg = Debug|Any CPU
		{B01568AD-3A94-49CD-9195-95CD71539610}.Debug|Any CPU.Build.0 = Debug|Any CPU
		{B01568AD-3A94-49CD-9195-95CD71539610}.Release|Any CPU.ActiveCfg = Release|Any CPU
		{B01568AD-3A94-49CD-9195-95CD71539610}.Release|Any CPU.Build.0 = Release|Any CPU
	EndGlobalSection
	GlobalSection(SolutionProperties) = preSolution
		HideSolutionNode = FALSE
	EndGlobalSection
	GlobalSection(ExtensibilityGlobals) = postSolution
		SolutionGuid = {2791901A-8615-4D63-9B66-776A49EC5EA9}
	EndGlobalSection
EndGlobal
